// !$*UTF8*$!
{
	archiveVersion = 1;
	classes = {
	};
	objectVersion = 46;
	objects = {

/* Begin PBXBuildFile section */
		4911D8241E4B01100051A000 /* CollectionHeaderView.swift in Sources */ = {isa = PBXBuildFile; fileRef = 4911D8221E4B01100051A000 /* CollectionHeaderView.swift */; };
		4911D8251E4B01100051A000 /* CollectionHeaderView.xib in Resources */ = {isa = PBXBuildFile; fileRef = 4911D8231E4B01100051A000 /* CollectionHeaderView.xib */; };
		4911D8281E4B05930051A000 /* CollectionNormalCell.swift in Sources */ = {isa = PBXBuildFile; fileRef = 4911D8261E4B05920051A000 /* CollectionNormalCell.swift */; };
		4911D8291E4B05930051A000 /* CollectionNormalCell.xib in Resources */ = {isa = PBXBuildFile; fileRef = 4911D8271E4B05920051A000 /* CollectionNormalCell.xib */; };
		4911D8301E4B1F2D0051A000 /* CollectionPrettyCell.swift in Sources */ = {isa = PBXBuildFile; fileRef = 4911D82E1E4B1F2D0051A000 /* CollectionPrettyCell.swift */; };
		4911D8311E4B1F2D0051A000 /* CollectionPrettyCell.xib in Resources */ = {isa = PBXBuildFile; fileRef = 4911D82F1E4B1F2D0051A000 /* CollectionPrettyCell.xib */; };
		4911D8331E4B1F750051A000 /* RecommendViewController.swift in Sources */ = {isa = PBXBuildFile; fileRef = 4911D8321E4B1F750051A000 /* RecommendViewController.swift */; };
		491F033A1E1CE0590050E933 /* AppDelegate.swift in Sources */ = {isa = PBXBuildFile; fileRef = 491F03391E1CE0590050E933 /* AppDelegate.swift */; };
		491F033F1E1CE0590050E933 /* Main.storyboard in Resources */ = {isa = PBXBuildFile; fileRef = 491F033D1E1CE0590050E933 /* Main.storyboard */; };
		491F03411E1CE0590050E933 /* Assets.xcassets in Resources */ = {isa = PBXBuildFile; fileRef = 491F03401E1CE0590050E933 /* Assets.xcassets */; };
		491F03441E1CE0590050E933 /* LaunchScreen.storyboard in Resources */ = {isa = PBXBuildFile; fileRef = 491F03421E1CE0590050E933 /* LaunchScreen.storyboard */; };
		491F034F1E1CE0590050E933 /* douyuTests.swift in Sources */ = {isa = PBXBuildFile; fileRef = 491F034E1E1CE0590050E933 /* douyuTests.swift */; };
		491F035A1E1CE0590050E933 /* douyuUITests.swift in Sources */ = {isa = PBXBuildFile; fileRef = 491F03591E1CE0590050E933 /* douyuUITests.swift */; };
		495B2B1E1E5306E700F9CCBE /* Alamofire.framework in Frameworks */ = {isa = PBXBuildFile; fileRef = 495B2B1D1E5306E700F9CCBE /* Alamofire.framework */; settings = {ATTRIBUTES = (Weak, ); }; };
		495B2B221E53089600F9CCBE /* NetworkTools.swift in Sources */ = {isa = PBXBuildFile; fileRef = 495B2B211E53089600F9CCBE /* NetworkTools.swift */; };
		496B900B1E2F5DC3005C3A2E /* Home.storyboard in Resources */ = {isa = PBXBuildFile; fileRef = 496B90091E2F5DC3005C3A2E /* Home.storyboard */; };
		496B900E1E2F5DF5005C3A2E /* Follow.storyboard in Resources */ = {isa = PBXBuildFile; fileRef = 496B900C1E2F5DF5005C3A2E /* Follow.storyboard */; };
		496B90111E2F5E0D005C3A2E /* Live.storyboard in Resources */ = {isa = PBXBuildFile; fileRef = 496B900F1E2F5E0D005C3A2E /* Live.storyboard */; };
		496B90141E2F5E25005C3A2E /* Profile.storyboard in Resources */ = {isa = PBXBuildFile; fileRef = 496B90121E2F5E25005C3A2E /* Profile.storyboard */; };
		496B901B1E2F6782005C3A2E /* MainViewController.swift in Sources */ = {isa = PBXBuildFile; fileRef = 496B90181E2F6782005C3A2E /* MainViewController.swift */; };
		496B90201E2F67C4005C3A2E /* HomeViewController.swift in Sources */ = {isa = PBXBuildFile; fileRef = 496B901F1E2F67C4005C3A2E /* HomeViewController.swift */; };
		496B90231E2F6C64005C3A2E /* UIBaruttonItem+Extension.swift in Sources */ = {isa = PBXBuildFile; fileRef = 496B90221E2F6C64005C3A2E /* UIBaruttonItem+Extension.swift */; };
		498E15DD1E48593B0068CC60 /* PageTitleView.swift in Sources */ = {isa = PBXBuildFile; fileRef = 498E15DC1E48593B0068CC60 /* PageTitleView.swift */; };
		498E15DF1E485E7C0068CC60 /* Common.swift in Sources */ = {isa = PBXBuildFile; fileRef = 498E15DE1E485E7C0068CC60 /* Common.swift */; };
		498E15E11E486E4D0068CC60 /* PageContentView.swift in Sources */ = {isa = PBXBuildFile; fileRef = 498E15E01E486E4D0068CC60 /* PageContentView.swift */; };
		498E15E31E4870390068CC60 /* UIColor-Extension.swift in Sources */ = {isa = PBXBuildFile; fileRef = 498E15E21E4870390068CC60 /* UIColor-Extension.swift */; };
		9989014A11A5698AFC60CF3F /* Pods_douyu.framework in Frameworks */ = {isa = PBXBuildFile; fileRef = C4A2D0ACA2775A7EDE26A194 /* Pods_douyu.framework */; settings = {ATTRIBUTES = (Required, ); }; };
/* End PBXBuildFile section */

/* Begin PBXContainerItemProxy section */
		491F034B1E1CE0590050E933 /* PBXContainerItemProxy */ = {
			isa = PBXContainerItemProxy;
			containerPortal = 491F032E1E1CE0580050E933 /* Project object */;
			proxyType = 1;
			remoteGlobalIDString = 491F03351E1CE0580050E933;
			remoteInfo = douyu;
		};
		491F03561E1CE0590050E933 /* PBXContainerItemProxy */ = {
			isa = PBXContainerItemProxy;
			containerPortal = 491F032E1E1CE0580050E933 /* Project object */;
			proxyType = 1;
			remoteGlobalIDString = 491F03351E1CE0580050E933;
			remoteInfo = douyu;
		};
/* End PBXContainerItemProxy section */

/* Begin PBXFileReference section */
		4911D8221E4B01100051A000 /* CollectionHeaderView.swift */ = {isa = PBXFileReference; fileEncoding = 4; lastKnownFileType = sourcecode.swift; path = CollectionHeaderView.swift; sourceTree = "<group>"; };
		4911D8231E4B01100051A000 /* CollectionHeaderView.xib */ = {isa = PBXFileReference; fileEncoding = 4; lastKnownFileType = file.xib; path = CollectionHeaderView.xib; sourceTree = "<group>"; };
		4911D8261E4B05920051A000 /* CollectionNormalCell.swift */ = {isa = PBXFileReference; fileEncoding = 4; lastKnownFileType = sourcecode.swift; path = CollectionNormalCell.swift; sourceTree = "<group>"; };
		4911D8271E4B05920051A000 /* CollectionNormalCell.xib */ = {isa = PBXFileReference; fileEncoding = 4; lastKnownFileType = file.xib; path = CollectionNormalCell.xib; sourceTree = "<group>"; };
		4911D82E1E4B1F2D0051A000 /* CollectionPrettyCell.swift */ = {isa = PBXFileReference; fileEncoding = 4; lastKnownFileType = sourcecode.swift; path = CollectionPrettyCell.swift; sourceTree = "<group>"; };
		4911D82F1E4B1F2D0051A000 /* CollectionPrettyCell.xib */ = {isa = PBXFileReference; fileEncoding = 4; lastKnownFileType = file.xib; path = CollectionPrettyCell.xib; sourceTree = "<group>"; };
		4911D8321E4B1F750051A000 /* RecommendViewController.swift */ = {isa = PBXFileReference; fileEncoding = 4; lastKnownFileType = sourcecode.swift; path = RecommendViewController.swift; sourceTree = "<group>"; };
		491F03361E1CE0580050E933 /* douyu.app */ = {isa = PBXFileReference; explicitFileType = wrapper.application; includeInIndex = 0; path = douyu.app; sourceTree = BUILT_PRODUCTS_DIR; };
		491F03391E1CE0590050E933 /* AppDelegate.swift */ = {isa = PBXFileReference; lastKnownFileType = sourcecode.swift; path = AppDelegate.swift; sourceTree = "<group>"; };
		491F033E1E1CE0590050E933 /* Base */ = {isa = PBXFileReference; lastKnownFileType = file.storyboard; name = Base; path = Base.lproj/Main.storyboard; sourceTree = "<group>"; };
		491F03401E1CE0590050E933 /* Assets.xcassets */ = {isa = PBXFileReference; lastKnownFileType = folder.assetcatalog; path = Assets.xcassets; sourceTree = "<group>"; };
		491F03431E1CE0590050E933 /* Base */ = {isa = PBXFileReference; lastKnownFileType = file.storyboard; name = Base; path = Base.lproj/LaunchScreen.storyboard; sourceTree = "<group>"; };
		491F03451E1CE0590050E933 /* Info.plist */ = {isa = PBXFileReference; lastKnownFileType = text.plist.xml; path = Info.plist; sourceTree = "<group>"; };
		491F034A1E1CE0590050E933 /* douyuTests.xctest */ = {isa = PBXFileReference; explicitFileType = wrapper.cfbundle; includeInIndex = 0; path = douyuTests.xctest; sourceTree = BUILT_PRODUCTS_DIR; };
		491F034E1E1CE0590050E933 /* douyuTests.swift */ = {isa = PBXFileReference; lastKnownFileType = sourcecode.swift; path = douyuTests.swift; sourceTree = "<group>"; };
		491F03501E1CE0590050E933 /* Info.plist */ = {isa = PBXFileReference; lastKnownFileType = text.plist.xml; path = Info.plist; sourceTree = "<group>"; };
		491F03551E1CE0590050E933 /* douyuUITests.xctest */ = {isa = PBXFileReference; explicitFileType = wrapper.cfbundle; includeInIndex = 0; path = douyuUITests.xctest; sourceTree = BUILT_PRODUCTS_DIR; };
		491F03591E1CE0590050E933 /* douyuUITests.swift */ = {isa = PBXFileReference; lastKnownFileType = sourcecode.swift; path = douyuUITests.swift; sourceTree = "<group>"; };
		491F035B1E1CE0590050E933 /* Info.plist */ = {isa = PBXFileReference; lastKnownFileType = text.plist.xml; path = Info.plist; sourceTree = "<group>"; };
		495B2B1D1E5306E700F9CCBE /* Alamofire.framework */ = {isa = PBXFileReference; lastKnownFileType = wrapper.framework; name = Alamofire.framework; path = "../../../Library/Developer/Xcode/DerivedData/douyu-glkcmespugcdpydqxzgtkbckykdw/Build/Products/Debug-iphonesimulator/Alamofire/Alamofire.framework"; sourceTree = "<group>"; };
		495B2B211E53089600F9CCBE /* NetworkTools.swift */ = {isa = PBXFileReference; fileEncoding = 4; lastKnownFileType = sourcecode.swift; path = NetworkTools.swift; sourceTree = "<group>"; };
		496B900A1E2F5DC3005C3A2E /* Base */ = {isa = PBXFileReference; lastKnownFileType = file.storyboard; name = Base; path = douyu/Base.lproj/Home.storyboard; sourceTree = SOURCE_ROOT; };
		496B900D1E2F5DF5005C3A2E /* Base */ = {isa = PBXFileReference; lastKnownFileType = file.storyboard; name = Base; path = douyu/Base.lproj/Follow.storyboard; sourceTree = SOURCE_ROOT; };
		496B90101E2F5E0D005C3A2E /* Base */ = {isa = PBXFileReference; lastKnownFileType = file.storyboard; name = Base; path = douyu/Base.lproj/Live.storyboard; sourceTree = SOURCE_ROOT; };
		496B90131E2F5E25005C3A2E /* Base */ = {isa = PBXFileReference; lastKnownFileType = file.storyboard; name = Base; path = douyu/Base.lproj/Profile.storyboard; sourceTree = SOURCE_ROOT; };
		496B90181E2F6782005C3A2E /* MainViewController.swift */ = {isa = PBXFileReference; fileEncoding = 4; lastKnownFileType = sourcecode.swift; path = MainViewController.swift; sourceTree = "<group>"; };
		496B901F1E2F67C4005C3A2E /* HomeViewController.swift */ = {isa = PBXFileReference; fileEncoding = 4; lastKnownFileType = sourcecode.swift; path = HomeViewController.swift; sourceTree = "<group>"; };
		496B90221E2F6C64005C3A2E /* UIBaruttonItem+Extension.swift */ = {isa = PBXFileReference; fileEncoding = 4; lastKnownFileType = sourcecode.swift; path = "UIBaruttonItem+Extension.swift"; sourceTree = "<group>"; };
		498E15DC1E48593B0068CC60 /* PageTitleView.swift */ = {isa = PBXFileReference; fileEncoding = 4; lastKnownFileType = sourcecode.swift; path = PageTitleView.swift; sourceTree = "<group>"; };
		498E15DE1E485E7C0068CC60 /* Common.swift */ = {isa = PBXFileReference; fileEncoding = 4; lastKnownFileType = sourcecode.swift; path = Common.swift; sourceTree = "<group>"; };
		498E15E01E486E4D0068CC60 /* PageContentView.swift */ = {isa = PBXFileReference; fileEncoding = 4; lastKnownFileType = sourcecode.swift; path = PageContentView.swift; sourceTree = "<group>"; };
		498E15E21E4870390068CC60 /* UIColor-Extension.swift */ = {isa = PBXFileReference; fileEncoding = 4; lastKnownFileType = sourcecode.swift; path = "UIColor-Extension.swift"; sourceTree = "<group>"; };
		80C2B5652A1334B3407E5C5F /* Pods-douyu.release.xcconfig */ = {isa = PBXFileReference; includeInIndex = 1; lastKnownFileType = text.xcconfig; name = "Pods-douyu.release.xcconfig"; path = "Pods/Target Support Files/Pods-douyu/Pods-douyu.release.xcconfig"; sourceTree = "<group>"; };
		ADAE447DE160252CC4A7D914 /* Pods-douyu.debug.xcconfig */ = {isa = PBXFileReference; includeInIndex = 1; lastKnownFileType = text.xcconfig; name = "Pods-douyu.debug.xcconfig"; path = "Pods/Target Support Files/Pods-douyu/Pods-douyu.debug.xcconfig"; sourceTree = "<group>"; };
		C4A2D0ACA2775A7EDE26A194 /* Pods_douyu.framework */ = {isa = PBXFileReference; explicitFileType = wrapper.framework; includeInIndex = 0; path = Pods_douyu.framework; sourceTree = BUILT_PRODUCTS_DIR; };
/* End PBXFileReference section */

/* Begin PBXFrameworksBuildPhase section */
		491F03331E1CE0580050E933 /* Frameworks */ = {
			isa = PBXFrameworksBuildPhase;
			buildActionMask = 2147483647;
			files = (
				495B2B1E1E5306E700F9CCBE /* Alamofire.framework in Frameworks */,
				9989014A11A5698AFC60CF3F /* Pods_douyu.framework in Frameworks */,
			);
			runOnlyForDeploymentPostprocessing = 0;
		};
		491F03471E1CE0590050E933 /* Frameworks */ = {
			isa = PBXFrameworksBuildPhase;
			buildActionMask = 2147483647;
			files = (
			);
			runOnlyForDeploymentPostprocessing = 0;
		};
		491F03521E1CE0590050E933 /* Frameworks */ = {
			isa = PBXFrameworksBuildPhase;
			buildActionMask = 2147483647;
			files = (
			);
			runOnlyForDeploymentPostprocessing = 0;
		};
/* End PBXFrameworksBuildPhase section */

/* Begin PBXGroup section */
		25AD0A5DD50B65CC398BFA03 /* Frameworks */ = {
			isa = PBXGroup;
			children = (
				495B2B1D1E5306E700F9CCBE /* Alamofire.framework */,
				C4A2D0ACA2775A7EDE26A194 /* Pods_douyu.framework */,
			);
			name = Frameworks;
			sourceTree = "<group>";
		};
		491F032D1E1CE0580050E933 = {
			isa = PBXGroup;
			children = (
				491F03381E1CE0590050E933 /* douyu */,
				491F034D1E1CE0590050E933 /* douyuTests */,
				491F03581E1CE0590050E933 /* douyuUITests */,
				491F03371E1CE0590050E933 /* Products */,
				F69AA7C3E78384F927F6CDD3 /* Pods */,
				25AD0A5DD50B65CC398BFA03 /* Frameworks */,
			);
			sourceTree = "<group>";
		};
		491F03371E1CE0590050E933 /* Products */ = {
			isa = PBXGroup;
			children = (
				491F03361E1CE0580050E933 /* douyu.app */,
				491F034A1E1CE0590050E933 /* douyuTests.xctest */,
				491F03551E1CE0590050E933 /* douyuUITests.xctest */,
			);
			name = Products;
			sourceTree = "<group>";
		};
		491F03381E1CE0590050E933 /* douyu */ = {
			isa = PBXGroup;
			children = (
				491F03671E1E43CA0050E933 /* Classes */,
				491F03391E1CE0590050E933 /* AppDelegate.swift */,
				491F03401E1CE0590050E933 /* Assets.xcassets */,
				491F03421E1CE0590050E933 /* LaunchScreen.storyboard */,
				491F03451E1CE0590050E933 /* Info.plist */,
			);
			path = douyu;
			sourceTree = "<group>";
		};
		491F034D1E1CE0590050E933 /* douyuTests */ = {
			isa = PBXGroup;
			children = (
				491F034E1E1CE0590050E933 /* douyuTests.swift */,
				491F03501E1CE0590050E933 /* Info.plist */,
			);
			path = douyuTests;
			sourceTree = "<group>";
		};
		491F03581E1CE0590050E933 /* douyuUITests */ = {
			isa = PBXGroup;
			children = (
				491F03591E1CE0590050E933 /* douyuUITests.swift */,
				491F035B1E1CE0590050E933 /* Info.plist */,
			);
			path = douyuUITests;
			sourceTree = "<group>";
		};
		491F03671E1E43CA0050E933 /* Classes */ = {
			isa = PBXGroup;
			children = (
				491F036B1E1E43CA0050E933 /* Main */,
				491F03691E1E43CA0050E933 /* Home */,
				491F036A1E1E43CA0050E933 /* Live */,
				491F03681E1E43CA0050E933 /* Follow */,
				491F036C1E1E43CA0050E933 /* Profile */,
				491F036D1E1E43CA0050E933 /* Tools */,
			);
			path = Classes;
			sourceTree = "<group>";
		};
		491F03681E1E43CA0050E933 /* Follow */ = {
			isa = PBXGroup;
			children = (
				496B900C1E2F5DF5005C3A2E /* Follow.storyboard */,
			);
			path = Follow;
			sourceTree = "<group>";
		};
		491F03691E1E43CA0050E933 /* Home */ = {
			isa = PBXGroup;
			children = (
				496B901D1E2F67AB005C3A2E /* Model */,
				496B901E1E2F67AB005C3A2E /* View */,
				496B901C1E2F67AB005C3A2E /* Controller */,
			);
			path = Home;
			sourceTree = "<group>";
		};
		491F036A1E1E43CA0050E933 /* Live */ = {
			isa = PBXGroup;
			children = (
				496B900F1E2F5E0D005C3A2E /* Live.storyboard */,
			);
			path = Live;
			sourceTree = "<group>";
		};
		491F036B1E1E43CA0050E933 /* Main */ = {
			isa = PBXGroup;
			children = (
				496B90191E2F6782005C3A2E /* Model */,
				496B901A1E2F6782005C3A2E /* View */,
				496B90171E2F6782005C3A2E /* Controller */,
			);
			path = Main;
			sourceTree = "<group>";
		};
		491F036C1E1E43CA0050E933 /* Profile */ = {
			isa = PBXGroup;
			children = (
				496B90121E2F5E25005C3A2E /* Profile.storyboard */,
			);
			path = Profile;
			sourceTree = "<group>";
		};
		491F036D1E1E43CA0050E933 /* Tools */ = {
			isa = PBXGroup;
			children = (
				496B90211E2F6C41005C3A2E /* Extension */,
				498E15DE1E485E7C0068CC60 /* Common.swift */,
				495B2B211E53089600F9CCBE /* NetworkTools.swift */,
			);
			path = Tools;
			sourceTree = "<group>";
		};
		496B90171E2F6782005C3A2E /* Controller */ = {
			isa = PBXGroup;
			children = (
				491F033D1E1CE0590050E933 /* Main.storyboard */,
				496B90181E2F6782005C3A2E /* MainViewController.swift */,
			);
			path = Controller;
			sourceTree = "<group>";
		};
		496B90191E2F6782005C3A2E /* Model */ = {
			isa = PBXGroup;
			children = (
			);
			path = Model;
			sourceTree = "<group>";
		};
		496B901A1E2F6782005C3A2E /* View */ = {
			isa = PBXGroup;
			children = (
				498E15DC1E48593B0068CC60 /* PageTitleView.swift */,
				498E15E01E486E4D0068CC60 /* PageContentView.swift */,
				4911D8261E4B05920051A000 /* CollectionNormalCell.swift */,
				4911D8271E4B05920051A000 /* CollectionNormalCell.xib */,
				4911D82E1E4B1F2D0051A000 /* CollectionPrettyCell.swift */,
				4911D82F1E4B1F2D0051A000 /* CollectionPrettyCell.xib */,
			);
			path = View;
			sourceTree = "<group>";
		};
		496B901C1E2F67AB005C3A2E /* Controller */ = {
			isa = PBXGroup;
			children = (
				496B90091E2F5DC3005C3A2E /* Home.storyboard */,
				496B901F1E2F67C4005C3A2E /* HomeViewController.swift */,
				4911D8321E4B1F750051A000 /* RecommendViewController.swift */,
			);
			path = Controller;
			sourceTree = "<group>";
		};
		496B901D1E2F67AB005C3A2E /* Model */ = {
			isa = PBXGroup;
			children = (
			);
			path = Model;
			sourceTree = "<group>";
		};
		496B901E1E2F67AB005C3A2E /* View */ = {
			isa = PBXGroup;
			children = (
				4911D8221E4B01100051A000 /* CollectionHeaderView.swift */,
				4911D8231E4B01100051A000 /* CollectionHeaderView.xib */,
			);
			path = View;
			sourceTree = "<group>";
		};
		496B90211E2F6C41005C3A2E /* Extension */ = {
			isa = PBXGroup;
			children = (
				496B90221E2F6C64005C3A2E /* UIBaruttonItem+Extension.swift */,
				498E15E21E4870390068CC60 /* UIColor-Extension.swift */,
			);
			path = Extension;
			sourceTree = "<group>";
		};
		F69AA7C3E78384F927F6CDD3 /* Pods */ = {
			isa = PBXGroup;
			children = (
				ADAE447DE160252CC4A7D914 /* Pods-douyu.debug.xcconfig */,
				80C2B5652A1334B3407E5C5F /* Pods-douyu.release.xcconfig */,
			);
			name = Pods;
			sourceTree = "<group>";
		};
/* End PBXGroup section */

/* Begin PBXNativeTarget section */
		491F03351E1CE0580050E933 /* douyu */ = {
			isa = PBXNativeTarget;
			buildConfigurationList = 491F035E1E1CE0590050E933 /* Build configuration list for PBXNativeTarget "douyu" */;
			buildPhases = (
				04132983E59DF4E38336647B /* [CP] Check Pods Manifest.lock */,
				491F03321E1CE0580050E933 /* Sources */,
				491F03331E1CE0580050E933 /* Frameworks */,
				491F03341E1CE0580050E933 /* Resources */,
				5B78E81659FD678F735D2944 /* [CP] Embed Pods Frameworks */,
				70E513C0E2CE481FD6BB0481 /* [CP] Copy Pods Resources */,
			);
			buildRules = (
			);
			dependencies = (
			);
			name = douyu;
			productName = douyu;
			productReference = 491F03361E1CE0580050E933 /* douyu.app */;
			productType = "com.apple.product-type.application";
		};
		491F03491E1CE0590050E933 /* douyuTests */ = {
			isa = PBXNativeTarget;
			buildConfigurationList = 491F03611E1CE0590050E933 /* Build configuration list for PBXNativeTarget "douyuTests" */;
			buildPhases = (
				491F03461E1CE0590050E933 /* Sources */,
				491F03471E1CE0590050E933 /* Frameworks */,
				491F03481E1CE0590050E933 /* Resources */,
			);
			buildRules = (
			);
			dependencies = (
				491F034C1E1CE0590050E933 /* PBXTargetDependency */,
			);
			name = douyuTests;
			productName = douyuTests;
			productReference = 491F034A1E1CE0590050E933 /* douyuTests.xctest */;
			productType = "com.apple.product-type.bundle.unit-test";
		};
		491F03541E1CE0590050E933 /* douyuUITests */ = {
			isa = PBXNativeTarget;
			buildConfigurationList = 491F03641E1CE0590050E933 /* Build configuration list for PBXNativeTarget "douyuUITests" */;
			buildPhases = (
				491F03511E1CE0590050E933 /* Sources */,
				491F03521E1CE0590050E933 /* Frameworks */,
				491F03531E1CE0590050E933 /* Resources */,
			);
			buildRules = (
			);
			dependencies = (
				491F03571E1CE0590050E933 /* PBXTargetDependency */,
			);
			name = douyuUITests;
			productName = douyuUITests;
			productReference = 491F03551E1CE0590050E933 /* douyuUITests.xctest */;
			productType = "com.apple.product-type.bundle.ui-testing";
		};
/* End PBXNativeTarget section */

/* Begin PBXProject section */
		491F032E1E1CE0580050E933 /* Project object */ = {
			isa = PBXProject;
			attributes = {
				LastSwiftUpdateCheck = 0800;
				LastUpgradeCheck = 0800;
				ORGANIZATIONNAME = "练锦波";
				TargetAttributes = {
					491F03351E1CE0580050E933 = {
						CreatedOnToolsVersion = 8.0;
						ProvisioningStyle = Automatic;
					};
					491F03491E1CE0590050E933 = {
						CreatedOnToolsVersion = 8.0;
						ProvisioningStyle = Automatic;
						TestTargetID = 491F03351E1CE0580050E933;
					};
					491F03541E1CE0590050E933 = {
						CreatedOnToolsVersion = 8.0;
						ProvisioningStyle = Automatic;
						TestTargetID = 491F03351E1CE0580050E933;
					};
				};
			};
			buildConfigurationList = 491F03311E1CE0580050E933 /* Build configuration list for PBXProject "douyu" */;
			compatibilityVersion = "Xcode 3.2";
			developmentRegion = English;
			hasScannedForEncodings = 0;
			knownRegions = (
				en,
				Base,
			);
			mainGroup = 491F032D1E1CE0580050E933;
			productRefGroup = 491F03371E1CE0590050E933 /* Products */;
			projectDirPath = "";
			projectRoot = "";
			targets = (
				491F03351E1CE0580050E933 /* douyu */,
				491F03491E1CE0590050E933 /* douyuTests */,
				491F03541E1CE0590050E933 /* douyuUITests */,
			);
		};
/* End PBXProject section */

/* Begin PBXResourcesBuildPhase section */
		491F03341E1CE0580050E933 /* Resources */ = {
			isa = PBXResourcesBuildPhase;
			buildActionMask = 2147483647;
			files = (
				496B900E1E2F5DF5005C3A2E /* Follow.storyboard in Resources */,
				4911D8251E4B01100051A000 /* CollectionHeaderView.xib in Resources */,
				4911D8291E4B05930051A000 /* CollectionNormalCell.xib in Resources */,
				491F03441E1CE0590050E933 /* LaunchScreen.storyboard in Resources */,
				496B90111E2F5E0D005C3A2E /* Live.storyboard in Resources */,
				491F03411E1CE0590050E933 /* Assets.xcassets in Resources */,
				491F033F1E1CE0590050E933 /* Main.storyboard in Resources */,
				4911D8311E4B1F2D0051A000 /* CollectionPrettyCell.xib in Resources */,
				496B90141E2F5E25005C3A2E /* Profile.storyboard in Resources */,
				496B900B1E2F5DC3005C3A2E /* Home.storyboard in Resources */,
			);
			runOnlyForDeploymentPostprocessing = 0;
		};
		491F03481E1CE0590050E933 /* Resources */ = {
			isa = PBXResourcesBuildPhase;
			buildActionMask = 2147483647;
			files = (
			);
			runOnlyForDeploymentPostprocessing = 0;
		};
		491F03531E1CE0590050E933 /* Resources */ = {
			isa = PBXResourcesBuildPhase;
			buildActionMask = 2147483647;
			files = (
			);
			runOnlyForDeploymentPostprocessing = 0;
		};
/* End PBXResourcesBuildPhase section */

/* Begin PBXShellScriptBuildPhase section */
		04132983E59DF4E38336647B /* [CP] Check Pods Manifest.lock */ = {
			isa = PBXShellScriptBuildPhase;
			buildActionMask = 2147483647;
			files = (
			);
			inputPaths = (
			);
			name = "[CP] Check Pods Manifest.lock";
			outputPaths = (
			);
			runOnlyForDeploymentPostprocessing = 0;
			shellPath = /bin/sh;
			shellScript = "diff \"${PODS_ROOT}/../Podfile.lock\" \"${PODS_ROOT}/Manifest.lock\" > /dev/null\nif [ $? != 0 ] ; then\n    # print error to STDERR\n    echo \"error: The sandbox is not in sync with the Podfile.lock. Run 'pod install' or update your CocoaPods installation.\" >&2\n    exit 1\nfi\n";
			showEnvVarsInLog = 0;
		};
		5B78E81659FD678F735D2944 /* [CP] Embed Pods Frameworks */ = {
			isa = PBXShellScriptBuildPhase;
			buildActionMask = 2147483647;
			files = (
			);
			inputPaths = (
			);
			name = "[CP] Embed Pods Frameworks";
			outputPaths = (
			);
			runOnlyForDeploymentPostprocessing = 0;
			shellPath = /bin/sh;
			shellScript = "\"${SRCROOT}/Pods/Target Support Files/Pods-douyu/Pods-douyu-frameworks.sh\"\n";
			showEnvVarsInLog = 0;
		};
		70E513C0E2CE481FD6BB0481 /* [CP] Copy Pods Resources */ = {
			isa = PBXShellScriptBuildPhase;
			buildActionMask = 2147483647;
			files = (
			);
			inputPaths = (
			);
			name = "[CP] Copy Pods Resources";
			outputPaths = (
			);
			runOnlyForDeploymentPostprocessing = 0;
			shellPath = /bin/sh;
			shellScript = "\"${SRCROOT}/Pods/Target Support Files/Pods-douyu/Pods-douyu-resources.sh\"\n";
			showEnvVarsInLog = 0;
		};
/* End PBXShellScriptBuildPhase section */

/* Begin PBXSourcesBuildPhase section */
		491F03321E1CE0580050E933 /* Sources */ = {
			isa = PBXSourcesBuildPhase;
			buildActionMask = 2147483647;
			files = (
				491F033A1E1CE0590050E933 /* AppDelegate.swift in Sources */,
				4911D8241E4B01100051A000 /* CollectionHeaderView.swift in Sources */,
				498E15E31E4870390068CC60 /* UIColor-Extension.swift in Sources */,
				496B90231E2F6C64005C3A2E /* UIBaruttonItem+Extension.swift in Sources */,
				498E15DD1E48593B0068CC60 /* PageTitleView.swift in Sources */,
				4911D8331E4B1F750051A000 /* RecommendViewController.swift in Sources */,
				498E15E11E486E4D0068CC60 /* PageContentView.swift in Sources */,
				496B901B1E2F6782005C3A2E /* MainViewController.swift in Sources */,
				498E15DF1E485E7C0068CC60 /* Common.swift in Sources */,
				4911D8301E4B1F2D0051A000 /* CollectionPrettyCell.swift in Sources */,
				4911D8281E4B05930051A000 /* CollectionNormalCell.swift in Sources */,
				495B2B221E53089600F9CCBE /* NetworkTools.swift in Sources */,
				496B90201E2F67C4005C3A2E /* HomeViewController.swift in Sources */,
			);
			runOnlyForDeploymentPostprocessing = 0;
		};
		491F03461E1CE0590050E933 /* Sources */ = {
			isa = PBXSourcesBuildPhase;
			buildActionMask = 2147483647;
			files = (
				491F034F1E1CE0590050E933 /* douyuTests.swift in Sources */,
			);
			runOnlyForDeploymentPostprocessing = 0;
		};
		491F03511E1CE0590050E933 /* Sources */ = {
			isa = PBXSourcesBuildPhase;
			buildActionMask = 2147483647;
			files = (
				491F035A1E1CE0590050E933 /* douyuUITests.swift in Sources */,
			);
			runOnlyForDeploymentPostprocessing = 0;
		};
/* End PBXSourcesBuildPhase section */

/* Begin PBXTargetDependency section */
		491F034C1E1CE0590050E933 /* PBXTargetDependency */ = {
			isa = PBXTargetDependency;
			target = 491F03351E1CE0580050E933 /* douyu */;
			targetProxy = 491F034B1E1CE0590050E933 /* PBXContainerItemProxy */;
		};
		491F03571E1CE0590050E933 /* PBXTargetDependency */ = {
			isa = PBXTargetDependency;
			target = 491F03351E1CE0580050E933 /* douyu */;
			targetProxy = 491F03561E1CE0590050E933 /* PBXContainerItemProxy */;
		};
/* End PBXTargetDependency section */

/* Begin PBXVariantGroup section */
		491F033D1E1CE0590050E933 /* Main.storyboard */ = {
			isa = PBXVariantGroup;
			children = (
				491F033E1E1CE0590050E933 /* Base */,
			);
			name = Main.storyboard;
			path = ../../..;
			sourceTree = "<group>";
		};
		491F03421E1CE0590050E933 /* LaunchScreen.storyboard */ = {
			isa = PBXVariantGroup;
			children = (
				491F03431E1CE0590050E933 /* Base */,
			);
			name = LaunchScreen.storyboard;
			sourceTree = "<group>";
		};
		496B90091E2F5DC3005C3A2E /* Home.storyboard */ = {
			isa = PBXVariantGroup;
			children = (
				496B900A1E2F5DC3005C3A2E /* Base */,
			);
			name = Home.storyboard;
			path = ../../Main;
			sourceTree = "<group>";
		};
		496B900C1E2F5DF5005C3A2E /* Follow.storyboard */ = {
			isa = PBXVariantGroup;
			children = (
				496B900D1E2F5DF5005C3A2E /* Base */,
			);
			name = Follow.storyboard;
			path = ../Main;
			sourceTree = "<group>";
		};
		496B900F1E2F5E0D005C3A2E /* Live.storyboard */ = {
			isa = PBXVariantGroup;
			children = (
				496B90101E2F5E0D005C3A2E /* Base */,
			);
			name = Live.storyboard;
			path = ../Main;
			sourceTree = "<group>";
		};
		496B90121E2F5E25005C3A2E /* Profile.storyboard */ = {
			isa = PBXVariantGroup;
			children = (
				496B90131E2F5E25005C3A2E /* Base */,
			);
			name = Profile.storyboard;
			path = ../Main;
			sourceTree = "<group>";
		};
/* End PBXVariantGroup section */

/* Begin XCBuildConfiguration section */
		491F035C1E1CE0590050E933 /* Debug */ = {
			isa = XCBuildConfiguration;
			buildSettings = {
				ALWAYS_SEARCH_USER_PATHS = NO;
				CLANG_ANALYZER_NONNULL = YES;
				CLANG_CXX_LANGUAGE_STANDARD = "gnu++0x";
				CLANG_CXX_LIBRARY = "libc++";
				CLANG_ENABLE_MODULES = YES;
				CLANG_ENABLE_OBJC_ARC = YES;
				CLANG_WARN_BOOL_CONVERSION = YES;
				CLANG_WARN_CONSTANT_CONVERSION = YES;
				CLANG_WARN_DIRECT_OBJC_ISA_USAGE = YES_ERROR;
				CLANG_WARN_DOCUMENTATION_COMMENTS = YES;
				CLANG_WARN_EMPTY_BODY = YES;
				CLANG_WARN_ENUM_CONVERSION = YES;
				CLANG_WARN_INFINITE_RECURSION = YES;
				CLANG_WARN_INT_CONVERSION = YES;
				CLANG_WARN_OBJC_ROOT_CLASS = YES_ERROR;
				CLANG_WARN_SUSPICIOUS_MOVES = YES;
				CLANG_WARN_UNREACHABLE_CODE = YES;
				CLANG_WARN__DUPLICATE_METHOD_MATCH = YES;
				"CODE_SIGN_IDENTITY[sdk=iphoneos*]" = "iPhone Developer";
				COPY_PHASE_STRIP = NO;
				DEBUG_INFORMATION_FORMAT = dwarf;
				ENABLE_STRICT_OBJC_MSGSEND = YES;
				ENABLE_TESTABILITY = YES;
				GCC_C_LANGUAGE_STANDARD = gnu99;
				GCC_DYNAMIC_NO_PIC = NO;
				GCC_NO_COMMON_BLOCKS = YES;
				GCC_OPTIMIZATION_LEVEL = 0;
				GCC_PREPROCESSOR_DEFINITIONS = (
					"DEBUG=1",
					"$(inherited)",
				);
				GCC_WARN_64_TO_32_BIT_CONVERSION = YES;
				GCC_WARN_ABOUT_RETURN_TYPE = YES_ERROR;
				GCC_WARN_UNDECLARED_SELECTOR = YES;
				GCC_WARN_UNINITIALIZED_AUTOS = YES_AGGRESSIVE;
				GCC_WARN_UNUSED_FUNCTION = YES;
				GCC_WARN_UNUSED_VARIABLE = YES;
				IPHONEOS_DEPLOYMENT_TARGET = 10.0;
				MTL_ENABLE_DEBUG_INFO = YES;
				ONLY_ACTIVE_ARCH = YES;
				SDKROOT = iphoneos;
				SWIFT_ACTIVE_COMPILATION_CONDITIONS = DEBUG;
				SWIFT_OPTIMIZATION_LEVEL = "-Onone";
			};
			name = Debug;
		};
		491F035D1E1CE0590050E933 /* Release */ = {
			isa = XCBuildConfiguration;
			buildSettings = {
				ALWAYS_SEARCH_USER_PATHS = NO;
				CLANG_ANALYZER_NONNULL = YES;
				CLANG_CXX_LANGUAGE_STANDARD = "gnu++0x";
				CLANG_CXX_LIBRARY = "libc++";
				CLANG_ENABLE_MODULES = YES;
				CLANG_ENABLE_OBJC_ARC = YES;
				CLANG_WARN_BOOL_CONVERSION = YES;
				CLANG_WARN_CONSTANT_CONVERSION = YES;
				CLANG_WARN_DIRECT_OBJC_ISA_USAGE = YES_ERROR;
				CLANG_WARN_DOCUMENTATION_COMMENTS = YES;
				CLANG_WARN_EMPTY_BODY = YES;
				CLANG_WARN_ENUM_CONVERSION = YES;
				CLANG_WARN_INFINITE_RECURSION = YES;
				CLANG_WARN_INT_CONVERSION = YES;
				CLANG_WARN_OBJC_ROOT_CLASS = YES_ERROR;
				CLANG_WARN_SUSPICIOUS_MOVES = YES;
				CLANG_WARN_UNREACHABLE_CODE = YES;
				CLANG_WARN__DUPLICATE_METHOD_MATCH = YES;
				"CODE_SIGN_IDENTITY[sdk=iphoneos*]" = "iPhone Developer";
				COPY_PHASE_STRIP = NO;
				DEBUG_INFORMATION_FORMAT = "dwarf-with-dsym";
				ENABLE_NS_ASSERTIONS = NO;
				ENABLE_STRICT_OBJC_MSGSEND = YES;
				GCC_C_LANGUAGE_STANDARD = gnu99;
				GCC_NO_COMMON_BLOCKS = YES;
				GCC_WARN_64_TO_32_BIT_CONVERSION = YES;
				GCC_WARN_ABOUT_RETURN_TYPE = YES_ERROR;
				GCC_WARN_UNDECLARED_SELECTOR = YES;
				GCC_WARN_UNINITIALIZED_AUTOS = YES_AGGRESSIVE;
				GCC_WARN_UNUSED_FUNCTION = YES;
				GCC_WARN_UNUSED_VARIABLE = YES;
				IPHONEOS_DEPLOYMENT_TARGET = 10.0;
				MTL_ENABLE_DEBUG_INFO = NO;
				SDKROOT = iphoneos;
				SWIFT_OPTIMIZATION_LEVEL = "-Owholemodule";
				VALIDATE_PRODUCT = YES;
			};
			name = Release;
		};
		491F035F1E1CE0590050E933 /* Debug */ = {
			isa = XCBuildConfiguration;
			baseConfigurationReference = ADAE447DE160252CC4A7D914 /* Pods-douyu.debug.xcconfig */;
			buildSettings = {
				ASSETCATALOG_COMPILER_APPICON_NAME = AppIcon;
				ASSETCATALOG_COMPILER_LAUNCHIMAGE_NAME = LaunchImage;
				INFOPLIST_FILE = douyu/Info.plist;
				IPHONEOS_DEPLOYMENT_TARGET = 9.0;
				LD_RUNPATH_SEARCH_PATHS = "$(inherited) @executable_path/Frameworks";
				PRODUCT_BUNDLE_IDENTIFIER = hg.douyu;
				PRODUCT_NAME = "$(TARGET_NAME)";
				SWIFT_VERSION = 3.0;
			};
			name = Debug;
		};
		491F03601E1CE0590050E933 /* Release */ = {
			isa = XCBuildConfiguration;
			baseConfigurationReference = 80C2B5652A1334B3407E5C5F /* Pods-douyu.release.xcconfig */;
			buildSettings = {
				ASSETCATALOG_COMPILER_APPICON_NAME = AppIcon;
				ASSETCATALOG_COMPILER_LAUNCHIMAGE_NAME = LaunchImage;
				INFOPLIST_FILE = douyu/Info.plist;
				IPHONEOS_DEPLOYMENT_TARGET = 9.0;
				LD_RUNPATH_SEARCH_PATHS = "$(inherited) @executable_path/Frameworks";
				PRODUCT_BUNDLE_IDENTIFIER = hg.douyu;
				PRODUCT_NAME = "$(TARGET_NAME)";
				SWIFT_VERSION = 3.0;
			};
			name = Release;
		};
		491F03621E1CE0590050E933 /* Debug */ = {
			isa = XCBuildConfiguration;
			buildSettings = {
				ALWAYS_EMBED_SWIFT_STANDARD_LIBRARIES = YES;
				BUNDLE_LOADER = "$(TEST_HOST)";
				INFOPLIST_FILE = douyuTests/Info.plist;
				LD_RUNPATH_SEARCH_PATHS = "$(inherited) @executable_path/Frameworks @loader_path/Frameworks";
				PRODUCT_BUNDLE_IDENTIFIER = hg.douyuTests;
				PRODUCT_NAME = "$(TARGET_NAME)";
				SWIFT_VERSION = 3.0;
				TEST_HOST = "$(BUILT_PRODUCTS_DIR)/douyu.app/douyu";
			};
			name = Debug;
		};
		491F03631E1CE0590050E933 /* Release */ = {
			isa = XCBuildConfiguration;
			buildSettings = {
				ALWAYS_EMBED_SWIFT_STANDARD_LIBRARIES = YES;
				BUNDLE_LOADER = "$(TEST_HOST)";
				INFOPLIST_FILE = douyuTests/Info.plist;
				LD_RUNPATH_SEARCH_PATHS = "$(inherited) @executable_path/Frameworks @loader_path/Frameworks";
				PRODUCT_BUNDLE_IDENTIFIER = hg.douyuTests;
				PRODUCT_NAME = "$(TARGET_NAME)";
				SWIFT_VERSION = 3.0;
				TEST_HOST = "$(BUILT_PRODUCTS_DIR)/douyu.app/douyu";
			};
			name = Release;
		};
		491F03651E1CE0590050E933 /* Debug */ = {
			isa = XCBuildConfiguration;
			buildSettings = {
				ALWAYS_EMBED_SWIFT_STANDARD_LIBRARIES = YES;
				INFOPLIST_FILE = douyuUITests/Info.plist;
				LD_RUNPATH_SEARCH_PATHS = "$(inherited) @executable_path/Frameworks @loader_path/Frameworks";
				PRODUCT_BUNDLE_IDENTIFIER = hg.douyuUITests;
				PRODUCT_NAME = "$(TARGET_NAME)";
				SWIFT_VERSION = 3.0;
				TEST_TARGET_NAME = douyu;
			};
			name = Debug;
		};
		491F03661E1CE0590050E933 /* Release */ = {
			isa = XCBuildConfiguration;
			buildSettings = {
				ALWAYS_EMBED_SWIFT_STANDARD_LIBRARIES = YES;
				INFOPLIST_FILE = douyuUITests/Info.plist;
				LD_RUNPATH_SEARCH_PATHS = "$(inherited) @executable_path/Frameworks @loader_path/Frameworks";
				PRODUCT_BUNDLE_IDENTIFIER = hg.douyuUITests;
				PRODUCT_NAME = "$(TARGET_NAME)";
				SWIFT_VERSION = 3.0;
				TEST_TARGET_NAME = douyu;
			};
			name = Release;
		};
/* End XCBuildConfiguration section */

/* Begin XCConfigurationList section */
		491F03311E1CE0580050E933 /* Build configuration list for PBXProject "douyu" */ = {
			isa = XCConfigurationList;
			buildConfigurations = (
				491F035C1E1CE0590050E933 /* Debug */,
				491F035D1E1CE0590050E933 /* Release */,
			);
			defaultConfigurationIsVisible = 0;
			defaultConfigurationName = Release;
		};
		491F035E1E1CE0590050E933 /* Build configuration list for PBXNativeTarget "douyu" */ = {
			isa = XCConfigurationList;
			buildConfigurations = (
				491F035F1E1CE0590050E933 /* Debug */,
				491F03601E1CE0590050E933 /* Release */,
			);
			defaultConfigurationIsVisible = 0;
			defaultConfigurationName = Release;
		};
		491F03611E1CE0590050E933 /* Build configuration list for PBXNativeTarget "douyuTests" */ = {
			isa = XCConfigurationList;
			buildConfigurations = (
				491F03621E1CE0590050E933 /* Debug */,
				491F03631E1CE0590050E933 /* Release */,
			);
			defaultConfigurationIsVisible = 0;
			defaultConfigurationName = Release;
		};
		491F03641E1CE0590050E933 /* Build configuration list for PBXNativeTarget "douyuUITests" */ = {
			isa = XCConfigurationList;
			buildConfigurations = (
				491F03651E1CE0590050E933 /* Debug */,
				491F03661E1CE0590050E933 /* Release */,
			);
			defaultConfigurationIsVisible = 0;
			defaultConfigurationName = Release;
		};
/* End XCConfigurationList section */
	};
	rootObject = 491F032E1E1CE0580050E933 /* Project object */;
}
